
Microsoft Visual Studio Solution File, Format Version 12.00
# Visual Studio Version 16
VisualStudioVersion = 16.0.30523.141
MinimumVisualStudioVersion = 10.0.40219.1
Project("{9A19103F-16F7-4668-BE54-9A1E7A4F7556}") = "TestApp", "TestApp\TestApp.csproj", "{D4231E99-D19E-4A4D-AEB4-C9853BB72617}"
EndProject
Project("{9A19103F-16F7-4668-BE54-9A1E7A4F7556}") = "Api", "Api\Api.csproj", "{525E2DDA-A278-4090-9AB8-B1CEDA62C9B8}"
EndProject
Project("{2150E333-8FDC-42A3-9474-1A3956D46DE8}") = "Snippets", "Snippets", "{D57C466D-3463-467D-9850-BD17C8E6689E}"
	ProjectSection(SolutionItems) = preProject
		test-method.snippet = test-method.snippet
	EndProjectSection
EndProject
Project("{9A19103F-16F7-4668-BE54-9A1E7A4F7556}") = "TestApp.MSUnitTests", "TestApp.MSUnitTests\TestApp.MSUnitTests.csproj", "{4C7F997D-DC76-4C8C-B82E-C957584E07EE}"
EndProject
Project("{9A19103F-16F7-4668-BE54-9A1E7A4F7556}") = "TestApp.xUnitTests", "TestApp.xUnitTests\TestApp.xUnitTests.csproj", "{CDEED60B-6130-42ED-AE6A-4E04F5483626}"
EndProject
Project("{FAE04EC0-301F-11D3-BF4B-00C04F79EFBC}") = "Api.IntegrationTests", "Api.IntegrationTests\Api.IntegrationTests.csproj", "{8BD20D43-ACDC-4FB8-808C-3173F8EBF291}"
EndProject
Global
	GlobalSection(SolutionConfigurationPlatforms) = preSolution
		Debug|Any CPU = Debug|Any CPU
		Release|Any CPU = Release|Any CPU
	EndGlobalSection
	GlobalSection(ProjectConfigurationPlatforms) = postSolution
		{D4231E99-D19E-4A4D-AEB4-C9853BB72617}.Debug|Any CPU.ActiveCfg = Debug|Any CPU
		{D4231E99-D19E-4A4D-AEB4-C9853BB72617}.Debug|Any CPU.Build.0 = Debug|Any CPU
		{D4231E99-D19E-4A4D-AEB4-C9853BB72617}.Release|Any CPU.ActiveCfg = Release|Any CPU
		{D4231E99-D19E-4A4D-AEB4-C9853BB72617}.Release|Any CPU.Build.0 = Release|Any CPU
		{525E2DDA-A278-4090-9AB8-B1CEDA62C9B8}.Debug|Any CPU.ActiveCfg = Debug|Any CPU
		{525E2DDA-A278-4090-9AB8-B1CEDA62C9B8}.Debug|Any CPU.Build.0 = Debug|Any CPU
		{525E2DDA-A278-4090-9AB8-B1CEDA62C9B8}.Release|Any CPU.ActiveCfg = Release|Any CPU
		{525E2DDA-A278-4090-9AB8-B1CEDA62C9B8}.Release|Any CPU.Build.0 = Release|Any CPU
		{4C7F997D-DC76-4C8C-B82E-C957584E07EE}.Debug|Any CPU.ActiveCfg = Debug|Any CPU
		{4C7F997D-DC76-4C8C-B82E-C957584E07EE}.Debug|Any CPU.Build.0 = Debug|Any CPU
		{4C7F997D-DC76-4C8C-B82E-C957584E07EE}.Release|Any CPU.ActiveCfg = Release|Any CPU
		{4C7F997D-DC76-4C8C-B82E-C957584E07EE}.Release|Any CPU.Build.0 = Release|Any CPU
		{CDEED60B-6130-42ED-AE6A-4E04F5483626}.Debug|Any CPU.ActiveCfg = Debug|Any CPU
		{CDEED60B-6130-42ED-AE6A-4E04F5483626}.Debug|Any CPU.Build.0 = Debug|Any CPU
		{CDEED60B-6130-42ED-AE6A-4E04F5483626}.Release|Any CPU.ActiveCfg = Release|Any CPU
		{CDEED60B-6130-42ED-AE6A-4E04F5483626}.Release|Any CPU.Build.0 = Release|Any CPU
		{8BD20D43-ACDC-4FB8-808C-3173F8EBF291}.Debug|Any CPU.ActiveCfg = Debug|Any CPU
		{8BD20D43-ACDC-4FB8-808C-3173F8EBF291}.Debug|Any CPU.Build.0 = Debug|Any CPU
		{8BD20D43-ACDC-4FB8-808C-3173F8EBF291}.Release|Any CPU.ActiveCfg = Release|Any CPU
		{8BD20D43-ACDC-4FB8-808C-3173F8EBF291}.Release|Any CPU.Build.0 = Release|Any CPU
	EndGlobalSection
	GlobalSection(SolutionProperties) = preSolution
		HideSolutionNode = FALSE
	EndGlobalSection
	GlobalSection(ExtensibilityGlobals) = postSolution
		SolutionGuid = {BED58E6D-D88F-4DA2-818C-3D1FCB756028}
	EndGlobalSection
EndGlobal
